
Microsoft Visual Studio Solution File, Format Version 12.00
# Visual Studio Version 16
VisualStudioVersion = 16.0.32413.511
MinimumVisualStudioVersion = 10.0.40219.1
Project("{FAE04EC0-301F-11D3-BF4B-00C04F79EFBC}") = "API", "API\API.csproj", "{0755BEC4-917B-44AA-A18B-54B05AD585DF}"
EndProject
Global
	GlobalSection(SolutionConfigurationPlatforms) = preSolution
		Debug|Any CPU = Debug|Any CPU
		Release|Any CPU = Release|Any CPU
	EndGlobalSection
	GlobalSection(ProjectConfigurationPlatforms) = postSolution
		{0755BEC4-917B-44AA-A18B-54B05AD585DF}.Debug|Any CPU.ActiveCfg = Debug|Any CPU
		{0755BEC4-917B-44AA-A18B-54B05AD585DF}.Debug|Any CPU.Build.0 = Debug|Any CPU
		{0755BEC4-917B-44AA-A18B-54B05AD585DF}.Release|Any CPU.ActiveCfg = Release|Any CPU
		{0755BEC4-917B-44AA-A18B-54B05AD585DF}.Release|Any CPU.Build.0 = Release|Any CPU
	EndGlobalSection
	GlobalSection(SolutionProperties) = preSolution
		HideSolutionNode = FALSE
	EndGlobalSection
	GlobalSection(ExtensibilityGlobals) = postSolution
		SolutionGuid = {8D9D2D88-9FA1-450D-B4B9-CBDE0EBCDA69}
	EndGlobalSection
EndGlobal
